
Microsoft Visual Studio Solution File, Format Version 12.00
# Visual Studio 15
VisualStudioVersion = 15.0.27428.2043
MinimumVisualStudioVersion = 10.0.40219.1
Project("{FAE04EC0-301F-11D3-BF4B-00C04F79EFBC}") = "Scrum-Table", "Scrum-Table\Scrum-Table.csproj", "{E574A043-F178-49C1-BD54-3B3AF65C2430}"
EndProject
Global
	GlobalSection(SolutionConfigurationPlatforms) = preSolution
		Debug|Any CPU = Debug|Any CPU
		Release|Any CPU = Release|Any CPU
	EndGlobalSection
	GlobalSection(ProjectConfigurationPlatforms) = postSolution
		{E574A043-F178-49C1-BD54-3B3AF65C2430}.Debug|Any CPU.ActiveCfg = Debug|Any CPU
		{E574A043-F178-49C1-BD54-3B3AF65C2430}.Debug|Any CPU.Build.0 = Debug|Any CPU
		{E574A043-F178-49C1-BD54-3B3AF65C2430}.Release|Any CPU.ActiveCfg = Release|Any CPU
		{E574A043-F178-49C1-BD54-3B3AF65C2430}.Release|Any CPU.Build.0 = Release|Any CPU
	EndGlobalSection
	GlobalSection(SolutionProperties) = preSolution
		HideSolutionNode = FALSE
	EndGlobalSection
	GlobalSection(ExtensibilityGlobals) = postSolution
		SolutionGuid = {DE00AD76-88B6-4B2D-81F7-6328F94D54FB}
	EndGlobalSection
EndGlobal
